// !$*UTF8*$!
{
	archiveVersion = 1;
	classes = {
	};
	objectVersion = 55;
	objects = {

/* Begin PBXBuildFile section */
		7A6C6BD2285FD94B005940F6 /* AppDelegate.swift in Sources */ = {isa = PBXBuildFile; fileRef = 7A6C6BD1285FD94B005940F6 /* AppDelegate.swift */; };
		7A6C6BD4285FD94B005940F6 /* SceneDelegate.swift in Sources */ = {isa = PBXBuildFile; fileRef = 7A6C6BD3285FD94B005940F6 /* SceneDelegate.swift */; };
		7A6C6BD6285FD94B005940F6 /* ViewController.swift in Sources */ = {isa = PBXBuildFile; fileRef = 7A6C6BD5285FD94B005940F6 /* ViewController.swift */; };
		7A6C6BD9285FD94B005940F6 /* Main.storyboard in Resources */ = {isa = PBXBuildFile; fileRef = 7A6C6BD7285FD94B005940F6 /* Main.storyboard */; };
		7A6C6BDB285FD94F005940F6 /* Assets.xcassets in Resources */ = {isa = PBXBuildFile; fileRef = 7A6C6BDA285FD94F005940F6 /* Assets.xcassets */; };
		7A6C6BDE285FD94F005940F6 /* LaunchScreen.storyboard in Resources */ = {isa = PBXBuildFile; fileRef = 7A6C6BDC285FD94F005940F6 /* LaunchScreen.storyboard */; };
		7A6C6BE9285FD94F005940F6 /* studentAppTests.swift in Sources */ = {isa = PBXBuildFile; fileRef = 7A6C6BE8285FD94F005940F6 /* studentAppTests.swift */; };
		7A6C6BF3285FD94F005940F6 /* studentAppUITests.swift in Sources */ = {isa = PBXBuildFile; fileRef = 7A6C6BF2285FD94F005940F6 /* studentAppUITests.swift */; };
		7A6C6BF5285FD94F005940F6 /* studentAppUITestsLaunchTests.swift in Sources */ = {isa = PBXBuildFile; fileRef = 7A6C6BF4285FD94F005940F6 /* studentAppUITestsLaunchTests.swift */; };
/* End PBXBuildFile section */

/* Begin PBXContainerItemProxy section */
		7A6C6BE5285FD94F005940F6 /* PBXContainerItemProxy */ = {
			isa = PBXContainerItemProxy;
			containerPortal = 7A6C6BC6285FD94B005940F6 /* Project object */;
			proxyType = 1;
			remoteGlobalIDString = 7A6C6BCD285FD94B005940F6;
			remoteInfo = studentApp;
		};
		7A6C6BEF285FD94F005940F6 /* PBXContainerItemProxy */ = {
			isa = PBXContainerItemProxy;
			containerPortal = 7A6C6BC6285FD94B005940F6 /* Project object */;
			proxyType = 1;
			remoteGlobalIDString = 7A6C6BCD285FD94B005940F6;
			remoteInfo = studentApp;
		};
/* End PBXContainerItemProxy section */

/* Begin PBXFileReference section */
		7A6C6BCE285FD94B005940F6 /* studentApp.app */ = {isa = PBXFileReference; explicitFileType = wrapper.application; includeInIndex = 0; path = studentApp.app; sourceTree = BUILT_PRODUCTS_DIR; };
		7A6C6BD1285FD94B005940F6 /* AppDelegate.swift */ = {isa = PBXFileReference; lastKnownFileType = sourcecode.swift; path = AppDelegate.swift; sourceTree = "<group>"; };
		7A6C6BD3285FD94B005940F6 /* SceneDelegate.swift */ = {isa = PBXFileReference; lastKnownFileType = sourcecode.swift; path = SceneDelegate.swift; sourceTree = "<group>"; };
		7A6C6BD5285FD94B005940F6 /* ViewController.swift */ = {isa = PBXFileReference; lastKnownFileType = sourcecode.swift; path = ViewController.swift; sourceTree = "<group>"; };
		7A6C6BD8285FD94B005940F6 /* Base */ = {isa = PBXFileReference; lastKnownFileType = file.storyboard; name = Base; path = Base.lproj/Main.storyboard; sourceTree = "<group>"; };
		7A6C6BDA285FD94F005940F6 /* Assets.xcassets */ = {isa = PBXFileReference; lastKnownFileType = folder.assetcatalog; path = Assets.xcassets; sourceTree = "<group>"; };
		7A6C6BDD285FD94F005940F6 /* Base */ = {isa = PBXFileReference; lastKnownFileType = file.storyboard; name = Base; path = Base.lproj/LaunchScreen.storyboard; sourceTree = "<group>"; };
		7A6C6BDF285FD94F005940F6 /* Info.plist */ = {isa = PBXFileReference; lastKnownFileType = text.plist.xml; path = Info.plist; sourceTree = "<group>"; };
		7A6C6BE4285FD94F005940F6 /* studentAppTests.xctest */ = {isa = PBXFileReference; explicitFileType = wrapper.cfbundle; includeInIndex = 0; path = studentAppTests.xctest; sourceTree = BUILT_PRODUCTS_DIR; };
		7A6C6BE8285FD94F005940F6 /* studentAppTests.swift */ = {isa = PBXFileReference; lastKnownFileType = sourcecode.swift; path = studentAppTests.swift; sourceTree = "<group>"; };
		7A6C6BEE285FD94F005940F6 /* studentAppUITests.xctest */ = {isa = PBXFileReference; explicitFileType = wrapper.cfbundle; includeInIndex = 0; path = studentAppUITests.xctest; sourceTree = BUILT_PRODUCTS_DIR; };
		7A6C6BF2285FD94F005940F6 /* studentAppUITests.swift */ = {isa = PBXFileReference; lastKnownFileType = sourcecode.swift; path = studentAppUITests.swift; sourceTree = "<group>"; };
		7A6C6BF4285FD94F005940F6 /* studentAppUITestsLaunchTests.swift */ = {isa = PBXFileReference; lastKnownFileType = sourcecode.swift; path = studentAppUITestsLaunchTests.swift; sourceTree = "<group>"; };
/* End PBXFileReference section */

/* Begin PBXFrameworksBuildPhase section */
		7A6C6BCB285FD94B005940F6 /* Frameworks */ = {
			isa = PBXFrameworksBuildPhase;
			buildActionMask = 2147483647;
			files = (
			);
			runOnlyForDeploymentPostprocessing = 0;
		};
		7A6C6BE1285FD94F005940F6 /* Frameworks */ = {
			isa = PBXFrameworksBuildPhase;
			buildActionMask = 2147483647;
			files = (
			);
			runOnlyForDeploymentPostprocessing = 0;
		};
		7A6C6BEB285FD94F005940F6 /* Frameworks */ = {
			isa = PBXFrameworksBuildPhase;
			buildActionMask = 2147483647;
			files = (
			);
			runOnlyForDeploymentPostprocessing = 0;
		};
/* End PBXFrameworksBuildPhase section */

/* Begin PBXGroup section */
		7A6C6BC5285FD94B005940F6 = {
			isa = PBXGroup;
			children = (
				7A6C6BD0285FD94B005940F6 /* studentApp */,
				7A6C6BE7285FD94F005940F6 /* studentAppTests */,
				7A6C6BF1285FD94F005940F6 /* studentAppUITests */,
				7A6C6BCF285FD94B005940F6 /* Products */,
			);
			sourceTree = "<group>";
		};
		7A6C6BCF285FD94B005940F6 /* Products */ = {
			isa = PBXGroup;
			children = (
				7A6C6BCE285FD94B005940F6 /* studentApp.app */,
				7A6C6BE4285FD94F005940F6 /* studentAppTests.xctest */,
				7A6C6BEE285FD94F005940F6 /* studentAppUITests.xctest */,
			);
			name = Products;
			sourceTree = "<group>";
		};
		7A6C6BD0285FD94B005940F6 /* studentApp */ = {
			isa = PBXGroup;
			children = (
				7A6C6BD1285FD94B005940F6 /* AppDelegate.swift */,
				7A6C6BD3285FD94B005940F6 /* SceneDelegate.swift */,
				7A6C6BD5285FD94B005940F6 /* ViewController.swift */,
				7A6C6BD7285FD94B005940F6 /* Main.storyboard */,
				7A6C6BDA285FD94F005940F6 /* Assets.xcassets */,
				7A6C6BDC285FD94F005940F6 /* LaunchScreen.storyboard */,
				7A6C6BDF285FD94F005940F6 /* Info.plist */,
			);
			path = studentApp;
			sourceTree = "<group>";
		};
		7A6C6BE7285FD94F005940F6 /* studentAppTests */ = {
			isa = PBXGroup;
			children = (
				7A6C6BE8285FD94F005940F6 /* studentAppTests.swift */,
			);
			path = studentAppTests;
			sourceTree = "<group>";
		};
		7A6C6BF1285FD94F005940F6 /* studentAppUITests */ = {
			isa = PBXGroup;
			children = (
				7A6C6BF2285FD94F005940F6 /* studentAppUITests.swift */,
				7A6C6BF4285FD94F005940F6 /* studentAppUITestsLaunchTests.swift */,
			);
			path = studentAppUITests;
			sourceTree = "<group>";
		};
/* End PBXGroup section */

/* Begin PBXNativeTarget section */
		7A6C6BCD285FD94B005940F6 /* studentApp */ = {
			isa = PBXNativeTarget;
			buildConfigurationList = 7A6C6BF8285FD94F005940F6 /* Build configuration list for PBXNativeTarget "studentApp" */;
			buildPhases = (
				7A6C6BCA285FD94B005940F6 /* Sources */,
				7A6C6BCB285FD94B005940F6 /* Frameworks */,
				7A6C6BCC285FD94B005940F6 /* Resources */,
			);
			buildRules = (
			);
			dependencies = (
			);
			name = studentApp;
			productName = studentApp;
			productReference = 7A6C6BCE285FD94B005940F6 /* studentApp.app */;
			productType = "com.apple.product-type.application";
		};
		7A6C6BE3285FD94F005940F6 /* studentAppTests */ = {
			isa = PBXNativeTarget;
			buildConfigurationList = 7A6C6BFB285FD94F005940F6 /* Build configuration list for PBXNativeTarget "studentAppTests" */;
			buildPhases = (
				7A6C6BE0285FD94F005940F6 /* Sources */,
				7A6C6BE1285FD94F005940F6 /* Frameworks */,
				7A6C6BE2285FD94F005940F6 /* Resources */,
			);
			buildRules = (
			);
			dependencies = (
				7A6C6BE6285FD94F005940F6 /* PBXTargetDependency */,
			);
			name = studentAppTests;
			productName = studentAppTests;
			productReference = 7A6C6BE4285FD94F005940F6 /* studentAppTests.xctest */;
			productType = "com.apple.product-type.bundle.unit-test";
		};
		7A6C6BED285FD94F005940F6 /* studentAppUITests */ = {
			isa = PBXNativeTarget;
			buildConfigurationList = 7A6C6BFE285FD94F005940F6 /* Build configuration list for PBXNativeTarget "studentAppUITests" */;
			buildPhases = (
				7A6C6BEA285FD94F005940F6 /* Sources */,
				7A6C6BEB285FD94F005940F6 /* Frameworks */,
				7A6C6BEC285FD94F005940F6 /* Resources */,
			);
			buildRules = (
			);
			dependencies = (
				7A6C6BF0285FD94F005940F6 /* PBXTargetDependency */,
			);
			name = studentAppUITests;
			productName = studentAppUITests;
			productReference = 7A6C6BEE285FD94F005940F6 /* studentAppUITests.xctest */;
			productType = "com.apple.product-type.bundle.ui-testing";
		};
/* End PBXNativeTarget section */

/* Begin PBXProject section */
		7A6C6BC6285FD94B005940F6 /* Project object */ = {
			isa = PBXProject;
			attributes = {
				BuildIndependentTargetsInParallel = 1;
				LastSwiftUpdateCheck = 1340;
				LastUpgradeCheck = 1340;
				TargetAttributes = {
					7A6C6BCD285FD94B005940F6 = {
						CreatedOnToolsVersion = 13.4.1;
					};
					7A6C6BE3285FD94F005940F6 = {
						CreatedOnToolsVersion = 13.4.1;
						TestTargetID = 7A6C6BCD285FD94B005940F6;
					};
					7A6C6BED285FD94F005940F6 = {
						CreatedOnToolsVersion = 13.4.1;
						TestTargetID = 7A6C6BCD285FD94B005940F6;
					};
				};
			};
			buildConfigurationList = 7A6C6BC9285FD94B005940F6 /* Build configuration list for PBXProject "studentApp" */;
			compatibilityVersion = "Xcode 13.0";
			developmentRegion = en;
			hasScannedForEncodings = 0;
			knownRegions = (
				en,
				Base,
			);
			mainGroup = 7A6C6BC5285FD94B005940F6;
			productRefGroup = 7A6C6BCF285FD94B005940F6 /* Products */;
			projectDirPath = "";
			projectRoot = "";
			targets = (
				7A6C6BCD285FD94B005940F6 /* studentApp */,
				7A6C6BE3285FD94F005940F6 /* studentAppTests */,
				7A6C6BED285FD94F005940F6 /* studentAppUITests */,
			);
		};
/* End PBXProject section */

/* Begin PBXResourcesBuildPhase section */
		7A6C6BCC285FD94B005940F6 /* Resources */ = {
			isa = PBXResourcesBuildPhase;
			buildActionMask = 2147483647;
			files = (
				7A6C6BDE285FD94F005940F6 /* LaunchScreen.storyboard in Resources */,
				7A6C6BDB285FD94F005940F6 /* Assets.xcassets in Resources */,
				7A6C6BD9285FD94B005940F6 /* Main.storyboard in Resources */,
			);
			runOnlyForDeploymentPostprocessing = 0;
		};
		7A6C6BE2285FD94F005940F6 /* Resources */ = {
			isa = PBXResourcesBuildPhase;
			buildActionMask = 2147483647;
			files = (
			);
			runOnlyForDeploymentPostprocessing = 0;
		};
		7A6C6BEC285FD94F005940F6 /* Resources */ = {
			isa = PBXResourcesBuildPhase;
			buildActionMask = 2147483647;
			files = (
			);
			runOnlyForDeploymentPostprocessing = 0;
		};
/* End PBXResourcesBuildPhase section */

/* Begin PBXSourcesBuildPhase section */
		7A6C6BCA285FD94B005940F6 /* Sources */ = {
			isa = PBXSourcesBuildPhase;
			buildActionMask = 2147483647;
			files = (
				7A6C6BD6285FD94B005940F6 /* ViewController.swift in Sources */,
				7A6C6BD2285FD94B005940F6 /* AppDelegate.swift in Sources */,
				7A6C6BD4285FD94B005940F6 /* SceneDelegate.swift in Sources */,
			);
			runOnlyForDeploymentPostprocessing = 0;
		};
		7A6C6BE0285FD94F005940F6 /* Sources */ = {
			isa = PBXSourcesBuildPhase;
			buildActionMask = 2147483647;
			files = (
				7A6C6BE9285FD94F005940F6 /* studentAppTests.swift in Sources */,
			);
			runOnlyForDeploymentPostprocessing = 0;
		};
		7A6C6BEA285FD94F005940F6 /* Sources */ = {
			isa = PBXSourcesBuildPhase;
			buildActionMask = 2147483647;
			files = (
				7A6C6BF5285FD94F005940F6 /* studentAppUITestsLaunchTests.swift in Sources */,
				7A6C6BF3285FD94F005940F6 /* studentAppUITests.swift in Sources */,
			);
			runOnlyForDeploymentPostprocessing = 0;
		};
/* End PBXSourcesBuildPhase section */

/* Begin PBXTargetDependency section */
		7A6C6BE6285FD94F005940F6 /* PBXTargetDependency */ = {
			isa = PBXTargetDependency;
			target = 7A6C6BCD285FD94B005940F6 /* studentApp */;
			targetProxy = 7A6C6BE5285FD94F005940F6 /* PBXContainerItemProxy */;
		};
		7A6C6BF0285FD94F005940F6 /* PBXTargetDependency */ = {
			isa = PBXTargetDependency;
			target = 7A6C6BCD285FD94B005940F6 /* studentApp */;
			targetProxy = 7A6C6BEF285FD94F005940F6 /* PBXContainerItemProxy */;
		};
/* End PBXTargetDependency section */

/* Begin PBXVariantGroup section */
		7A6C6BD7285FD94B005940F6 /* Main.storyboard */ = {
			isa = PBXVariantGroup;
			children = (
				7A6C6BD8285FD94B005940F6 /* Base */,
			);
			name = Main.storyboard;
			sourceTree = "<group>";
		};
		7A6C6BDC285FD94F005940F6 /* LaunchScreen.storyboard */ = {
			isa = PBXVariantGroup;
			children = (
				7A6C6BDD285FD94F005940F6 /* Base */,
			);
			name = LaunchScreen.storyboard;
			sourceTree = "<group>";
		};
/* End PBXVariantGroup section */

/* Begin XCBuildConfiguration section */
		7A6C6BF6285FD94F005940F6 /* Debug */ = {
			isa = XCBuildConfiguration;
			buildSettings = {
				ALWAYS_SEARCH_USER_PATHS = NO;
				CLANG_ANALYZER_NONNULL = YES;
				CLANG_ANALYZER_NUMBER_OBJECT_CONVERSION = YES_AGGRESSIVE;
				CLANG_CXX_LANGUAGE_STANDARD = "gnu++17";
				CLANG_ENABLE_MODULES = YES;
				CLANG_ENABLE_OBJC_ARC = YES;
				CLANG_ENABLE_OBJC_WEAK = YES;
				CLANG_WARN_BLOCK_CAPTURE_AUTORELEASING = YES;
				CLANG_WARN_BOOL_CONVERSION = YES;
				CLANG_WARN_COMMA = YES;
				CLANG_WARN_CONSTANT_CONVERSION = YES;
				CLANG_WARN_DEPRECATED_OBJC_IMPLEMENTATIONS = YES;
				CLANG_WARN_DIRECT_OBJC_ISA_USAGE = YES_ERROR;
				CLANG_WARN_DOCUMENTATION_COMMENTS = YES;
				CLANG_WARN_EMPTY_BODY = YES;
				CLANG_WARN_ENUM_CONVERSION = YES;
				CLANG_WARN_INFINITE_RECURSION = YES;
				CLANG_WARN_INT_CONVERSION = YES;
				CLANG_WARN_NON_LITERAL_NULL_CONVERSION = YES;
				CLANG_WARN_OBJC_IMPLICIT_RETAIN_SELF = YES;
				CLANG_WARN_OBJC_LITERAL_CONVERSION = YES;
				CLANG_WARN_OBJC_ROOT_CLASS = YES_ERROR;
				CLANG_WARN_QUOTED_INCLUDE_IN_FRAMEWORK_HEADER = YES;
				CLANG_WARN_RANGE_LOOP_ANALYSIS = YES;
				CLANG_WARN_STRICT_PROTOTYPES = YES;
				CLANG_WARN_SUSPICIOUS_MOVE = YES;
				CLANG_WARN_UNGUARDED_AVAILABILITY = YES_AGGRESSIVE;
				CLANG_WARN_UNREACHABLE_CODE = YES;
				CLANG_WARN__DUPLICATE_METHOD_MATCH = YES;
				COPY_PHASE_STRIP = NO;
				DEBUG_INFORMATION_FORMAT = dwarf;
				ENABLE_STRICT_OBJC_MSGSEND = YES;
				ENABLE_TESTABILITY = YES;
				GCC_C_LANGUAGE_STANDARD = gnu11;
				GCC_DYNAMIC_NO_PIC = NO;
				GCC_NO_COMMON_BLOCKS = YES;
				GCC_OPTIMIZATION_LEVEL = 0;
				GCC_PREPROCESSOR_DEFINITIONS = (
					"DEBUG=1",
					"$(inherited)",
				);
				GCC_WARN_64_TO_32_BIT_CONVERSION = YES;
				GCC_WARN_ABOUT_RETURN_TYPE = YES_ERROR;
				GCC_WARN_UNDECLARED_SELECTOR = YES;
				GCC_WARN_UNINITIALIZED_AUTOS = YES_AGGRESSIVE;
				GCC_WARN_UNUSED_FUNCTION = YES;
				GCC_WARN_UNUSED_VARIABLE = YES;
				IPHONEOS_DEPLOYMENT_TARGET = 15.5;
				MTL_ENABLE_DEBUG_INFO = INCLUDE_SOURCE;
				MTL_FAST_MATH = YES;
				ONLY_ACTIVE_ARCH = YES;
				SDKROOT = iphoneos;
				SWIFT_ACTIVE_COMPILATION_CONDITIONS = DEBUG;
				SWIFT_OPTIMIZATION_LEVEL = "-Onone";
			};
			name = Debug;
		};
		7A6C6BF7285FD94F005940F6 /* Release */ = {
			isa = XCBuildConfiguration;
			buildSettings = {
				ALWAYS_SEARCH_USER_PATHS = NO;
				CLANG_ANALYZER_NONNULL = YES;
				CLANG_ANALYZER_NUMBER_OBJECT_CONVERSION = YES_AGGRESSIVE;
				CLANG_CXX_LANGUAGE_STANDARD = "gnu++17";
				CLANG_ENABLE_MODULES = YES;
				CLANG_ENABLE_OBJC_ARC = YES;
				CLANG_ENABLE_OBJC_WEAK = YES;
				CLANG_WARN_BLOCK_CAPTURE_AUTORELEASING = YES;
				CLANG_WARN_BOOL_CONVERSION = YES;
				CLANG_WARN_COMMA = YES;
				CLANG_WARN_CONSTANT_CONVERSION = YES;
				CLANG_WARN_DEPRECATED_OBJC_IMPLEMENTATIONS = YES;
				CLANG_WARN_DIRECT_OBJC_ISA_USAGE = YES_ERROR;
				CLANG_WARN_DOCUMENTATION_COMMENTS = YES;
				CLANG_WARN_EMPTY_BODY = YES;
				CLANG_WARN_ENUM_CONVERSION = YES;
				CLANG_WARN_INFINITE_RECURSION = YES;
				CLANG_WARN_INT_CONVERSION = YES;
				CLANG_WARN_NON_LITERAL_NULL_CONVERSION = YES;
				CLANG_WARN_OBJC_IMPLICIT_RETAIN_SELF = YES;
				CLANG_WARN_OBJC_LITERAL_CONVERSION = YES;
				CLANG_WARN_OBJC_ROOT_CLASS = YES_ERROR;
				CLANG_WARN_QUOTED_INCLUDE_IN_FRAMEWORK_HEADER = YES;
				CLANG_WARN_RANGE_LOOP_ANALYSIS = YES;
				CLANG_WARN_STRICT_PROTOTYPES = YES;
				CLANG_WARN_SUSPICIOUS_MOVE = YES;
				CLANG_WARN_UNGUARDED_AVAILABILITY = YES_AGGRESSIVE;
				CLANG_WARN_UNREACHABLE_CODE = YES;
				CLANG_WARN__DUPLICATE_METHOD_MATCH = YES;
				COPY_PHASE_STRIP = NO;
				DEBUG_INFORMATION_FORMAT = "dwarf-with-dsym";
				ENABLE_NS_ASSERTIONS = NO;
				ENABLE_STRICT_OBJC_MSGSEND = YES;
				GCC_C_LANGUAGE_STANDARD = gnu11;
				GCC_NO_COMMON_BLOCKS = YES;
				GCC_WARN_64_TO_32_BIT_CONVERSION = YES;
				GCC_WARN_ABOUT_RETURN_TYPE = YES_ERROR;
				GCC_WARN_UNDECLARED_SELECTOR = YES;
				GCC_WARN_UNINITIALIZED_AUTOS = YES_AGGRESSIVE;
				GCC_WARN_UNUSED_FUNCTION = YES;
				GCC_WARN_UNUSED_VARIABLE = YES;
				IPHONEOS_DEPLOYMENT_TARGET = 15.5;
				MTL_ENABLE_DEBUG_INFO = NO;
				MTL_FAST_MATH = YES;
				SDKROOT = iphoneos;
				SWIFT_COMPILATION_MODE = wholemodule;
				SWIFT_OPTIMIZATION_LEVEL = "-O";
				VALIDATE_PRODUCT = YES;
			};
			name = Release;
		};
		7A6C6BF9285FD94F005940F6 /* Debug */ = {
			isa = XCBuildConfiguration;
			buildSettings = {
				ASSETCATALOG_COMPILER_APPICON_NAME = AppIcon;
				ASSETCATALOG_COMPILER_GLOBAL_ACCENT_COLOR_NAME = AccentColor;
				CODE_SIGN_STYLE = Automatic;
				CURRENT_PROJECT_VERSION = 1;
				DEVELOPMENT_TEAM = RMB6QE6U8Z;
				GENERATE_INFOPLIST_FILE = YES;
				INFOPLIST_FILE = studentApp/Info.plist;
				INFOPLIST_KEY_UIApplicationSupportsIndirectInputEvents = YES;
				INFOPLIST_KEY_UILaunchStoryboardName = LaunchScreen;
				INFOPLIST_KEY_UIMainStoryboardFile = Main;
				INFOPLIST_KEY_UISupportedInterfaceOrientations_iPad = "UIInterfaceOrientationPortrait UIInterfaceOrientationPortraitUpsideDown UIInterfaceOrientationLandscapeLeft UIInterfaceOrientationLandscapeRight";
				INFOPLIST_KEY_UISupportedInterfaceOrientations_iPhone = "UIInterfaceOrientationPortrait UIInterfaceOrientationLandscapeLeft UIInterfaceOrientationLandscapeRight";
				LD_RUNPATH_SEARCH_PATHS = (
					"$(inherited)",
					"@executable_path/Frameworks",
				);
				MARKETING_VERSION = 1.0;
				PRODUCT_BUNDLE_IDENTIFIER = com.example.projectName.studentApp;
				PRODUCT_NAME = "$(TARGET_NAME)";
				SWIFT_EMIT_LOC_STRINGS = YES;
				SWIFT_VERSION = 5.0;
				TARGETED_DEVICE_FAMILY = "1,2";
			};
			name = Debug;
		};
		7A6C6BFA285FD94F005940F6 /* Release */ = {
			isa = XCBuildConfiguration;
			buildSettings = {
				ASSETCATALOG_COMPILER_APPICON_NAME = AppIcon;
				ASSETCATALOG_COMPILER_GLOBAL_ACCENT_COLOR_NAME = AccentColor;
				CODE_SIGN_STYLE = Automatic;
				CURRENT_PROJECT_VERSION = 1;
				DEVELOPMENT_TEAM = RMB6QE6U8Z;
				GENERATE_INFOPLIST_FILE = YES;
				INFOPLIST_FILE = studentApp/Info.plist;
				INFOPLIST_KEY_UIApplicationSupportsIndirectInputEvents = YES;
				INFOPLIST_KEY_UILaunchStoryboardName = LaunchScreen;
				INFOPLIST_KEY_UIMainStoryboardFile = Main;
				INFOPLIST_KEY_UISupportedInterfaceOrientations_iPad = "UIInterfaceOrientationPortrait UIInterfaceOrientationPortraitUpsideDown UIInterfaceOrientationLandscapeLeft UIInterfaceOrientationLandscapeRight";
				INFOPLIST_KEY_UISupportedInterfaceOrientations_iPhone = "UIInterfaceOrientationPortrait UIInterfaceOrientationLandscapeLeft UIInterfaceOrientationLandscapeRight";
				LD_RUNPATH_SEARCH_PATHS = (
					"$(inherited)",
					"@executable_path/Frameworks",
				);
				MARKETING_VERSION = 1.0;
				PRODUCT_BUNDLE_IDENTIFIER = com.example.projectName.studentApp;
				PRODUCT_NAME = "$(TARGET_NAME)";
				SWIFT_EMIT_LOC_STRINGS = YES;
				SWIFT_VERSION = 5.0;
				TARGETED_DEVICE_FAMILY = "1,2";
			};
			name = Release;
		};
		7A6C6BFC285FD94F005940F6 /* Debug */ = {
			isa = XCBuildConfiguration;
			buildSettings = {
				ALWAYS_EMBED_SWIFT_STANDARD_LIBRARIES = YES;
				BUNDLE_LOADER = "$(TEST_HOST)";
				CODE_SIGN_STYLE = Automatic;
				CURRENT_PROJECT_VERSION = 1;
				DEVELOPMENT_TEAM = RMB6QE6U8Z;
				GENERATE_INFOPLIST_FILE = YES;
				IPHONEOS_DEPLOYMENT_TARGET = 15.5;
				MARKETING_VERSION = 1.0;
				PRODUCT_BUNDLE_IDENTIFIER = com.example.projectName.studentAppTests;
				PRODUCT_NAME = "$(TARGET_NAME)";
				SWIFT_EMIT_LOC_STRINGS = NO;
				SWIFT_VERSION = 5.0;
				TARGETED_DEVICE_FAMILY = "1,2";
				TEST_HOST = "$(BUILT_PRODUCTS_DIR)/studentApp.app/studentApp";
			};
			name = Debug;
		};
		7A6C6BFD285FD94F005940F6 /* Release */ = {
			isa = XCBuildConfiguration;
			buildSettings = {
				ALWAYS_EMBED_SWIFT_STANDARD_LIBRARIES = YES;
				BUNDLE_LOADER = "$(TEST_HOST)";
				CODE_SIGN_STYLE = Automatic;
				CURRENT_PROJECT_VERSION = 1;
				DEVELOPMENT_TEAM = RMB6QE6U8Z;
				GENERATE_INFOPLIST_FILE = YES;
				IPHONEOS_DEPLOYMENT_TARGET = 15.5;
				MARKETING_VERSION = 1.0;
				PRODUCT_BUNDLE_IDENTIFIER = com.example.projectName.studentAppTests;
				PRODUCT_NAME = "$(TARGET_NAME)";
				SWIFT_EMIT_LOC_STRINGS = NO;
				SWIFT_VERSION = 5.0;
				TARGETED_DEVICE_FAMILY = "1,2";
				TEST_HOST = "$(BUILT_PRODUCTS_DIR)/studentApp.app/studentApp";
			};
			name = Release;
		};
		7A6C6BFF285FD94F005940F6 /* Debug */ = {
			isa = XCBuildConfiguration;
			buildSettings = {
				ALWAYS_EMBED_SWIFT_STANDARD_LIBRARIES = YES;
				CODE_SIGN_STYLE = Automatic;
				CURRENT_PROJECT_VERSION = 1;
				DEVELOPMENT_TEAM = RMB6QE6U8Z;
				GENERATE_INFOPLIST_FILE = YES;
				MARKETING_VERSION = 1.0;
				PRODUCT_BUNDLE_IDENTIFIER = com.example.projectName.studentAppUITests;
				PRODUCT_NAME = "$(TARGET_NAME)";
				SWIFT_EMIT_LOC_STRINGS = NO;
				SWIFT_VERSION = 5.0;
				TARGETED_DEVICE_FAMILY = "1,2";
				TEST_TARGET_NAME = studentApp;
			};
			name = Debug;
		};
		7A6C6C00285FD94F005940F6 /* Release */ = {
			isa = XCBuildConfiguration;
			buildSettings = {
				ALWAYS_EMBED_SWIFT_STANDARD_LIBRARIES = YES;
				CODE_SIGN_STYLE = Automatic;
				CURRENT_PROJECT_VERSION = 1;
				DEVELOPMENT_TEAM = RMB6QE6U8Z;
				GENERATE_INFOPLIST_FILE = YES;
				MARKETING_VERSION = 1.0;
				PRODUCT_BUNDLE_IDENTIFIER = com.example.projectName.studentAppUITests;
				PRODUCT_NAME = "$(TARGET_NAME)";
				SWIFT_EMIT_LOC_STRINGS = NO;
				SWIFT_VERSION = 5.0;
				TARGETED_DEVICE_FAMILY = "1,2";
				TEST_TARGET_NAME = studentApp;
			};
			name = Release;
		};
/* End XCBuildConfiguration section */

/* Begin XCConfigurationList section */
		7A6C6BC9285FD94B005940F6 /* Build configuration list for PBXProject "studentApp" */ = {
			isa = XCConfigurationList;
			buildConfigurations = (
				7A6C6BF6285FD94F005940F6 /* Debug */,
				7A6C6BF7285FD94F005940F6 /* Release */,
			);
			defaultConfigurationIsVisible = 0;
			defaultConfigurationName = Release;
		};
		7A6C6BF8285FD94F005940F6 /* Build configuration list for PBXNativeTarget "studentApp" */ = {
			isa = XCConfigurationList;
			buildConfigurations = (
				7A6C6BF9285FD94F005940F6 /* Debug */,
				7A6C6BFA285FD94F005940F6 /* Release */,
			);
			defaultConfigurationIsVisible = 0;
			defaultConfigurationName = Release;
		};
		7A6C6BFB285FD94F005940F6 /* Build configuration list for PBXNativeTarget "studentAppTests" */ = {
			isa = XCConfigurationList;
			buildConfigurations = (
				7A6C6BFC285FD94F005940F6 /* Debug */,
				7A6C6BFD285FD94F005940F6 /* Release */,
			);
			defaultConfigurationIsVisible = 0;
			defaultConfigurationName = Release;
		};
		7A6C6BFE285FD94F005940F6 /* Build configuration list for PBXNativeTarget "studentAppUITests" */ = {
			isa = XCConfigurationList;
			buildConfigurations = (
				7A6C6BFF285FD94F005940F6 /* Debug */,
				7A6C6C00285FD94F005940F6 /* Release */,
			);
			defaultConfigurationIsVisible = 0;
			defaultConfigurationName = Release;
		};
/* End XCConfigurationList section */
	};
	rootObject = 7A6C6BC6285FD94B005940F6 /* Project object */;
}
